
Microsoft Visual Studio Solution File, Format Version 12.00
# Visual Studio 15
VisualStudioVersion = 15.0.27428.2027
MinimumVisualStudioVersion = 10.0.40219.1
Project("{FAE04EC0-301F-11D3-BF4B-00C04F79EFBC}") = "tld-house-lights", "tld-house-lights.csproj", "{65F46C2A-856C-48B4-8B18-43E33EE3C439}"
EndProject
Global
	GlobalSection(SolutionConfigurationPlatforms) = preSolution
		Debug|Any CPU = Debug|Any CPU
		Release|Any CPU = Release|Any CPU
	EndGlobalSection
	GlobalSection(ProjectConfigurationPlatforms) = postSolution
		{65F46C2A-856C-48B4-8B18-43E33EE3C439}.Debug|Any CPU.ActiveCfg = Debug|Any CPU
		{65F46C2A-856C-48B4-8B18-43E33EE3C439}.Debug|Any CPU.Build.0 = Debug|Any CPU
		{65F46C2A-856C-48B4-8B18-43E33EE3C439}.Release|Any CPU.ActiveCfg = Release|Any CPU
		{65F46C2A-856C-48B4-8B18-43E33EE3C439}.Release|Any CPU.Build.0 = Release|Any CPU
	EndGlobalSection
	GlobalSection(SolutionProperties) = preSolution
		HideSolutionNode = FALSE
	EndGlobalSection
	GlobalSection(ExtensibilityGlobals) = postSolution
		SolutionGuid = {723BA9CF-7224-413A-A3C7-2D1C4A041960}
	EndGlobalSection
EndGlobal
